<Solution>
  <Folder Name="/src/" />
  <Folder Name="/src/AccountCustomer/">
    <Project Path="src/AccountCustomer/GridPulse.AccountCustomer.csproj" />
  </Folder>
  <Folder Name="/src/AppHost/">
    <Project Path="src/AppHost/GridPulse.AppHost.csproj" />
  </Folder>
  <Folder Name="/src/Billing/">
    <Project Path="src/Billing/GridPulse.Billing.csproj" />
  </Folder>
  <Folder Name="/src/MeterSimulator/">
    <Project Path="src/MeterSimulator/GridPulse.MeterSimulator.csproj" />
  </Folder>
  <Folder Name="/src/ServiceDefaults/">
    <Project Path="src/ServiceDefaults/GridPulse.ServiceDefaults.csproj" />
  </Folder>
  <Folder Name="/src/Shared/">
    <Project Path="src/Shared/GridPulse.Shared.csproj" />
  </Folder>
  <Folder Name="/src/UsageAggregation/">
    <Project Path="src/UsageAggregation/GridPulse.UsageAggregation.csproj" />
  </Folder>
  <Folder Name="/tests/" />
  <Folder Name="/tests/AccountCustomer.Tests/">
    <Project Path="tests/AccountCustomer.Tests/GridPulse.AccountCustomer.Tests.csproj" />
  </Folder>
  <Folder Name="/tests/AppHost.Tests/">
    <Project Path="tests/AppHost.Tests/GridPulse.AppHost.Tests.csproj" />
  </Folder>
  <Folder Name="/tests/Billing.Tests/">
    <Project Path="tests/Billing.Tests/GridPulse.Billing.Tests.csproj" />
  </Folder>
  <Folder Name="/tests/MeterSimulator.Tests/">
    <Project Path="tests/MeterSimulator.Tests/GridPulse.MeterSimulator.Tests.csproj" />
  </Folder>
  <Folder Name="/tests/Shared.Tests/">
    <Project Path="tests/Shared.Tests/GridPulse.Shared.Tests.csproj" />
  </Folder>
  <Folder Name="/tests/UsageAggregation.Tests/">
    <Project Path="tests/UsageAggregation.Tests/GridPulse.UsageAggregation.Tests.csproj" />
  </Folder>
</Solution>
